
Microsoft Visual Studio Solution File, Format Version 12.00
# Visual Studio Version 16
VisualStudioVersion = 25.0.1700.6
MinimumVisualStudioVersion = 10.0.40219.1
Project("{FAE04EC0-301F-11D3-BF4B-00C04F79EFBC}") = "RockPaperLizardSpock", "RockPaperLizardSpock.csproj", "{A2C0502A-E1C7-440E-BAC1-5C6C5230319E}"
EndProject
Global
	GlobalSection(SolutionConfigurationPlatforms) = preSolution
		Debug|Any CPU = Debug|Any CPU
		Release|Any CPU = Release|Any CPU
	EndGlobalSection
	GlobalSection(ProjectConfigurationPlatforms) = postSolution
		{A2C0502A-E1C7-440E-BAC1-5C6C5230319E}.Debug|Any CPU.ActiveCfg = Debug|Any CPU
		{A2C0502A-E1C7-440E-BAC1-5C6C5230319E}.Debug|Any CPU.Build.0 = Debug|Any CPU
		{A2C0502A-E1C7-440E-BAC1-5C6C5230319E}.Release|Any CPU.ActiveCfg = Release|Any CPU
		{A2C0502A-E1C7-440E-BAC1-5C6C5230319E}.Release|Any CPU.Build.0 = Release|Any CPU
	EndGlobalSection
	GlobalSection(SolutionProperties) = preSolution
		HideSolutionNode = FALSE
	EndGlobalSection
	GlobalSection(ExtensibilityGlobals) = postSolution
		SolutionGuid = {86DA8B01-2B87-4A8F-B614-AFA5F4EDC7AE}
	EndGlobalSection
EndGlobal
